
Microsoft Visual Studio Solution File, Format Version 12.00
# Visual Studio Version 17
VisualStudioVersion = 17.1.32407.343
MinimumVisualStudioVersion = 10.0.40219.1
Project("{8BC9CEB8-8B4A-11D0-8D11-00A0C91BC942}") = "graphicsTest", "graphicsTest.vcxproj", "{CF256B9B-CBCC-41DD-B620-09674B9387E1}"
EndProject
Global
	GlobalSection(SolutionConfigurationPlatforms) = preSolution
		Debug|x64 = Debug|x64
		Debug|x86 = Debug|x86
		Release|x64 = Release|x64
		Release|x86 = Release|x86
	EndGlobalSection
	GlobalSection(ProjectConfigurationPlatforms) = postSolution
		{CF256B9B-CBCC-41DD-B620-09674B9387E1}.Debug|x64.ActiveCfg = Debug|x64
		{CF256B9B-CBCC-41DD-B620-09674B9387E1}.Debug|x64.Build.0 = Debug|x64
		{CF256B9B-CBCC-41DD-B620-09674B9387E1}.Debug|x86.ActiveCfg = Debug|Win32
		{CF256B9B-CBCC-41DD-B620-09674B9387E1}.Debug|x86.Build.0 = Debug|Win32
		{CF256B9B-CBCC-41DD-B620-09674B9387E1}.Release|x64.ActiveCfg = Release|x64
		{CF256B9B-CBCC-41DD-B620-09674B9387E1}.Release|x64.Build.0 = Release|x64
		{CF256B9B-CBCC-41DD-B620-09674B9387E1}.Release|x86.ActiveCfg = Release|Win32
		{CF256B9B-CBCC-41DD-B620-09674B9387E1}.Release|x86.Build.0 = Release|Win32
	EndGlobalSection
	GlobalSection(SolutionProperties) = preSolution
		HideSolutionNode = FALSE
	EndGlobalSection
	GlobalSection(ExtensibilityGlobals) = postSolution
		SolutionGuid = {E6B869D3-D36D-48E2-B1E3-D3B9A28363D9}
	EndGlobalSection
EndGlobal
